// !$*UTF8*$!
{
	archiveVersion = 1;
	classes = {
	};
	objectVersion = 50;
	objects = {

/* Begin PBXBuildFile section */
		8123C7E623CC73F200B558FF /* PlatsTableViewController.swift in Sources */ = {isa = PBXBuildFile; fileRef = 8123C7E523CC73F200B558FF /* PlatsTableViewController.swift */; };
		813C36AF23D5AC4400D7EF3C /* CustomCellPlatsTableViewCell.swift in Sources */ = {isa = PBXBuildFile; fileRef = 813C36AE23D5AC4400D7EF3C /* CustomCellPlatsTableViewCell.swift */; };
		816762BB23C5C4E3006100CA /* AppDelegate.swift in Sources */ = {isa = PBXBuildFile; fileRef = 816762BA23C5C4E3006100CA /* AppDelegate.swift */; };
		816762BD23C5C4E3006100CA /* FirstViewController.swift in Sources */ = {isa = PBXBuildFile; fileRef = 816762BC23C5C4E3006100CA /* FirstViewController.swift */; };
		816762BF23C5C4E3006100CA /* SecondViewController.swift in Sources */ = {isa = PBXBuildFile; fileRef = 816762BE23C5C4E3006100CA /* SecondViewController.swift */; };
		816762C223C5C4E3006100CA /* Main.storyboard in Resources */ = {isa = PBXBuildFile; fileRef = 816762C023C5C4E3006100CA /* Main.storyboard */; };
		816762C423C5C4E5006100CA /* Assets.xcassets in Resources */ = {isa = PBXBuildFile; fileRef = 816762C323C5C4E5006100CA /* Assets.xcassets */; };
		816762C723C5C4E5006100CA /* LaunchScreen.storyboard in Resources */ = {isa = PBXBuildFile; fileRef = 816762C523C5C4E5006100CA /* LaunchScreen.storyboard */; };
		816762CF23C5EBA7006100CA /* CategorieTableViewCell.swift in Sources */ = {isa = PBXBuildFile; fileRef = 816762CE23C5EBA7006100CA /* CategorieTableViewCell.swift */; };
		81D1DB9023DED1E3004D28EB /* InfosViewController.swift in Sources */ = {isa = PBXBuildFile; fileRef = 81D1DB8F23DED1E3004D28EB /* InfosViewController.swift */; };
		81DC202E23D7335B0066E556 /* DescriptionPlatTableViewController.swift in Sources */ = {isa = PBXBuildFile; fileRef = 81DC202D23D7335B0066E556 /* DescriptionPlatTableViewController.swift */; };
		81DC203323D745A50066E556 /* DataBase.m in Sources */ = {isa = PBXBuildFile; fileRef = 81DC203023D745A50066E556 /* DataBase.m */; };
		81DC203723D747740066E556 /* libsqlite3.tbd in Frameworks */ = {isa = PBXBuildFile; fileRef = 81DC203623D747730066E556 /* libsqlite3.tbd */; };
		B45F75F923E86F6B008B946E /* PlatsBD.sqlite in Resources */ = {isa = PBXBuildFile; fileRef = B45F75F823E86F6B008B946E /* PlatsBD.sqlite */; };
		B45F75FB23E88911008B946E /* CommandesViewController.swift in Sources */ = {isa = PBXBuildFile; fileRef = B45F75FA23E88911008B946E /* CommandesViewController.swift */; };
		B489D09323E891B300A369DF /* CommandesTableViewCell.swift in Sources */ = {isa = PBXBuildFile; fileRef = B489D09223E891B300A369DF /* CommandesTableViewCell.swift */; };
/* End PBXBuildFile section */

/* Begin PBXFileReference section */
		8123C7E523CC73F200B558FF /* PlatsTableViewController.swift */ = {isa = PBXFileReference; lastKnownFileType = sourcecode.swift; path = PlatsTableViewController.swift; sourceTree = "<group>"; };
		813C36AE23D5AC4400D7EF3C /* CustomCellPlatsTableViewCell.swift */ = {isa = PBXFileReference; lastKnownFileType = sourcecode.swift; path = CustomCellPlatsTableViewCell.swift; sourceTree = "<group>"; };
		816762B723C5C4E3006100CA /* EceResto2020v2.app */ = {isa = PBXFileReference; explicitFileType = wrapper.application; includeInIndex = 0; path = EceResto2020v2.app; sourceTree = BUILT_PRODUCTS_DIR; };
		816762BA23C5C4E3006100CA /* AppDelegate.swift */ = {isa = PBXFileReference; lastKnownFileType = sourcecode.swift; path = AppDelegate.swift; sourceTree = "<group>"; };
		816762BC23C5C4E3006100CA /* FirstViewController.swift */ = {isa = PBXFileReference; lastKnownFileType = sourcecode.swift; path = FirstViewController.swift; sourceTree = "<group>"; };
		816762BE23C5C4E3006100CA /* SecondViewController.swift */ = {isa = PBXFileReference; lastKnownFileType = sourcecode.swift; path = SecondViewController.swift; sourceTree = "<group>"; };
		816762C123C5C4E3006100CA /* Base */ = {isa = PBXFileReference; lastKnownFileType = file.storyboard; name = Base; path = Base.lproj/Main.storyboard; sourceTree = "<group>"; };
		816762C323C5C4E5006100CA /* Assets.xcassets */ = {isa = PBXFileReference; lastKnownFileType = folder.assetcatalog; path = Assets.xcassets; sourceTree = "<group>"; };
		816762C623C5C4E5006100CA /* Base */ = {isa = PBXFileReference; lastKnownFileType = file.storyboard; name = Base; path = Base.lproj/LaunchScreen.storyboard; sourceTree = "<group>"; };
		816762C823C5C4E5006100CA /* Info.plist */ = {isa = PBXFileReference; lastKnownFileType = text.plist.xml; path = Info.plist; sourceTree = "<group>"; };
		816762CE23C5EBA7006100CA /* CategorieTableViewCell.swift */ = {isa = PBXFileReference; lastKnownFileType = sourcecode.swift; path = CategorieTableViewCell.swift; sourceTree = "<group>"; };
		81D1DB8F23DED1E3004D28EB /* InfosViewController.swift */ = {isa = PBXFileReference; lastKnownFileType = sourcecode.swift; path = InfosViewController.swift; sourceTree = "<group>"; };
		81DC202D23D7335B0066E556 /* DescriptionPlatTableViewController.swift */ = {isa = PBXFileReference; lastKnownFileType = sourcecode.swift; path = DescriptionPlatTableViewController.swift; sourceTree = "<group>"; };
		81DC202F23D745A40066E556 /* EceResto2020v2-Bridging-Header.h */ = {isa = PBXFileReference; lastKnownFileType = sourcecode.c.h; path = "EceResto2020v2-Bridging-Header.h"; sourceTree = "<group>"; };
		81DC203023D745A50066E556 /* DataBase.m */ = {isa = PBXFileReference; fileEncoding = 4; lastKnownFileType = sourcecode.c.objc; path = DataBase.m; sourceTree = "<group>"; };
		81DC203223D745A50066E556 /* DataBase.h */ = {isa = PBXFileReference; fileEncoding = 4; lastKnownFileType = sourcecode.c.h; path = DataBase.h; sourceTree = "<group>"; };
		81DC203623D747730066E556 /* libsqlite3.tbd */ = {isa = PBXFileReference; lastKnownFileType = "sourcecode.text-based-dylib-definition"; name = libsqlite3.tbd; path = usr/lib/libsqlite3.tbd; sourceTree = SDKROOT; };
		B45F75F823E86F6B008B946E /* PlatsBD.sqlite */ = {isa = PBXFileReference; lastKnownFileType = file; path = PlatsBD.sqlite; sourceTree = "<group>"; };
		B45F75FA23E88911008B946E /* CommandesViewController.swift */ = {isa = PBXFileReference; lastKnownFileType = sourcecode.swift; path = CommandesViewController.swift; sourceTree = "<group>"; };
		B489D09223E891B300A369DF /* CommandesTableViewCell.swift */ = {isa = PBXFileReference; lastKnownFileType = sourcecode.swift; path = CommandesTableViewCell.swift; sourceTree = "<group>"; };
/* End PBXFileReference section */

/* Begin PBXFrameworksBuildPhase section */
		816762B423C5C4E3006100CA /* Frameworks */ = {
			isa = PBXFrameworksBuildPhase;
			buildActionMask = 2147483647;
			files = (
				81DC203723D747740066E556 /* libsqlite3.tbd in Frameworks */,
			);
			runOnlyForDeploymentPostprocessing = 0;
		};
/* End PBXFrameworksBuildPhase section */

/* Begin PBXGroup section */
		816762AE23C5C4E3006100CA = {
			isa = PBXGroup;
			children = (
				816762B923C5C4E3006100CA /* EceResto2020v2 */,
				816762B823C5C4E3006100CA /* Products */,
				81DC203523D747730066E556 /* Frameworks */,
			);
			sourceTree = "<group>";
		};
		816762B823C5C4E3006100CA /* Products */ = {
			isa = PBXGroup;
			children = (
				816762B723C5C4E3006100CA /* EceResto2020v2.app */,
			);
			name = Products;
			sourceTree = "<group>";
		};
		816762B923C5C4E3006100CA /* EceResto2020v2 */ = {
			isa = PBXGroup;
			children = (
				81DC203223D745A50066E556 /* DataBase.h */,
				81DC203023D745A50066E556 /* DataBase.m */,
				B45F75F823E86F6B008B946E /* PlatsBD.sqlite */,
				816762BA23C5C4E3006100CA /* AppDelegate.swift */,
				816762BC23C5C4E3006100CA /* FirstViewController.swift */,
				816762BE23C5C4E3006100CA /* SecondViewController.swift */,
				816762C023C5C4E3006100CA /* Main.storyboard */,
				B45F75FA23E88911008B946E /* CommandesViewController.swift */,
				B489D09223E891B300A369DF /* CommandesTableViewCell.swift */,
				813C36AE23D5AC4400D7EF3C /* CustomCellPlatsTableViewCell.swift */,
				816762CE23C5EBA7006100CA /* CategorieTableViewCell.swift */,
				8123C7E523CC73F200B558FF /* PlatsTableViewController.swift */,
				816762C323C5C4E5006100CA /* Assets.xcassets */,
				816762C523C5C4E5006100CA /* LaunchScreen.storyboard */,
				816762C823C5C4E5006100CA /* Info.plist */,
				81DC202D23D7335B0066E556 /* DescriptionPlatTableViewController.swift */,
				81DC202F23D745A40066E556 /* EceResto2020v2-Bridging-Header.h */,
				81D1DB8F23DED1E3004D28EB /* InfosViewController.swift */,
			);
			path = EceResto2020v2;
			sourceTree = "<group>";
		};
		81DC203523D747730066E556 /* Frameworks */ = {
			isa = PBXGroup;
			children = (
				81DC203623D747730066E556 /* libsqlite3.tbd */,
			);
			name = Frameworks;
			sourceTree = "<group>";
		};
/* End PBXGroup section */

/* Begin PBXNativeTarget section */
		816762B623C5C4E3006100CA /* EceResto2020v2 */ = {
			isa = PBXNativeTarget;
			buildConfigurationList = 816762CB23C5C4E5006100CA /* Build configuration list for PBXNativeTarget "EceResto2020v2" */;
			buildPhases = (
				816762B323C5C4E3006100CA /* Sources */,
				816762B423C5C4E3006100CA /* Frameworks */,
				816762B523C5C4E3006100CA /* Resources */,
			);
			buildRules = (
			);
			dependencies = (
			);
			name = EceResto2020v2;
			productName = EceResto2020v2;
			productReference = 816762B723C5C4E3006100CA /* EceResto2020v2.app */;
			productType = "com.apple.product-type.application";
		};
/* End PBXNativeTarget section */

/* Begin PBXProject section */
		816762AF23C5C4E3006100CA /* Project object */ = {
			isa = PBXProject;
			attributes = {
				LastSwiftUpdateCheck = 1000;
				LastUpgradeCheck = 1000;
				ORGANIZATIONNAME = Gian;
				TargetAttributes = {
					816762B623C5C4E3006100CA = {
						CreatedOnToolsVersion = 10.0;
						LastSwiftMigration = 1000;
					};
				};
			};
			buildConfigurationList = 816762B223C5C4E3006100CA /* Build configuration list for PBXProject "EceResto2020v2" */;
			compatibilityVersion = "Xcode 9.3";
			developmentRegion = en;
			hasScannedForEncodings = 0;
			knownRegions = (
				en,
				Base,
			);
			mainGroup = 816762AE23C5C4E3006100CA;
			productRefGroup = 816762B823C5C4E3006100CA /* Products */;
			projectDirPath = "";
			projectRoot = "";
			targets = (
				816762B623C5C4E3006100CA /* EceResto2020v2 */,
			);
		};
/* End PBXProject section */

/* Begin PBXResourcesBuildPhase section */
		816762B523C5C4E3006100CA /* Resources */ = {
			isa = PBXResourcesBuildPhase;
			buildActionMask = 2147483647;
			files = (
				B45F75F923E86F6B008B946E /* PlatsBD.sqlite in Resources */,
				816762C723C5C4E5006100CA /* LaunchScreen.storyboard in Resources */,
				816762C423C5C4E5006100CA /* Assets.xcassets in Resources */,
				816762C223C5C4E3006100CA /* Main.storyboard in Resources */,
			);
			runOnlyForDeploymentPostprocessing = 0;
		};
/* End PBXResourcesBuildPhase section */

/* Begin PBXSourcesBuildPhase section */
		816762B323C5C4E3006100CA /* Sources */ = {
			isa = PBXSourcesBuildPhase;
			buildActionMask = 2147483647;
			files = (
				816762BF23C5C4E3006100CA /* SecondViewController.swift in Sources */,
				81DC202E23D7335B0066E556 /* DescriptionPlatTableViewController.swift in Sources */,
				81DC203323D745A50066E556 /* DataBase.m in Sources */,
				816762CF23C5EBA7006100CA /* CategorieTableViewCell.swift in Sources */,
				B45F75FB23E88911008B946E /* CommandesViewController.swift in Sources */,
				8123C7E623CC73F200B558FF /* PlatsTableViewController.swift in Sources */,
				813C36AF23D5AC4400D7EF3C /* CustomCellPlatsTableViewCell.swift in Sources */,
				816762BB23C5C4E3006100CA /* AppDelegate.swift in Sources */,
				816762BD23C5C4E3006100CA /* FirstViewController.swift in Sources */,
				B489D09323E891B300A369DF /* CommandesTableViewCell.swift in Sources */,
				81D1DB9023DED1E3004D28EB /* InfosViewController.swift in Sources */,
			);
			runOnlyForDeploymentPostprocessing = 0;
		};
/* End PBXSourcesBuildPhase section */

/* Begin PBXVariantGroup section */
		816762C023C5C4E3006100CA /* Main.storyboard */ = {
			isa = PBXVariantGroup;
			children = (
				816762C123C5C4E3006100CA /* Base */,
			);
			name = Main.storyboard;
			sourceTree = "<group>";
		};
		816762C523C5C4E5006100CA /* LaunchScreen.storyboard */ = {
			isa = PBXVariantGroup;
			children = (
				816762C623C5C4E5006100CA /* Base */,
			);
			name = LaunchScreen.storyboard;
			sourceTree = "<group>";
		};
/* End PBXVariantGroup section */

/* Begin XCBuildConfiguration section */
		816762C923C5C4E5006100CA /* Debug */ = {
			isa = XCBuildConfiguration;
			buildSettings = {
				ALWAYS_SEARCH_USER_PATHS = NO;
				CLANG_ANALYZER_NONNULL = YES;
				CLANG_ANALYZER_NUMBER_OBJECT_CONVERSION = YES_AGGRESSIVE;
				CLANG_CXX_LANGUAGE_STANDARD = "gnu++14";
				CLANG_CXX_LIBRARY = "libc++";
				CLANG_ENABLE_MODULES = YES;
				CLANG_ENABLE_OBJC_ARC = YES;
				CLANG_ENABLE_OBJC_WEAK = YES;
				CLANG_WARN_BLOCK_CAPTURE_AUTORELEASING = YES;
				CLANG_WARN_BOOL_CONVERSION = YES;
				CLANG_WARN_COMMA = YES;
				CLANG_WARN_CONSTANT_CONVERSION = YES;
				CLANG_WARN_DEPRECATED_OBJC_IMPLEMENTATIONS = YES;
				CLANG_WARN_DIRECT_OBJC_ISA_USAGE = YES_ERROR;
				CLANG_WARN_DOCUMENTATION_COMMENTS = YES;
				CLANG_WARN_EMPTY_BODY = YES;
				CLANG_WARN_ENUM_CONVERSION = YES;
				CLANG_WARN_INFINITE_RECURSION = YES;
				CLANG_WARN_INT_CONVERSION = YES;
				CLANG_WARN_NON_LITERAL_NULL_CONVERSION = YES;
				CLANG_WARN_OBJC_IMPLICIT_RETAIN_SELF = YES;
				CLANG_WARN_OBJC_LITERAL_CONVERSION = YES;
				CLANG_WARN_OBJC_ROOT_CLASS = YES_ERROR;
				CLANG_WARN_RANGE_LOOP_ANALYSIS = YES;
				CLANG_WARN_STRICT_PROTOTYPES = YES;
				CLANG_WARN_SUSPICIOUS_MOVE = YES;
				CLANG_WARN_UNGUARDED_AVAILABILITY = YES_AGGRESSIVE;
				CLANG_WARN_UNREACHABLE_CODE = YES;
				CLANG_WARN__DUPLICATE_METHOD_MATCH = YES;
				CODE_SIGN_IDENTITY = "iPhone Developer";
				COPY_PHASE_STRIP = NO;
				DEBUG_INFORMATION_FORMAT = dwarf;
				ENABLE_STRICT_OBJC_MSGSEND = YES;
				ENABLE_TESTABILITY = YES;
				GCC_C_LANGUAGE_STANDARD = gnu11;
				GCC_DYNAMIC_NO_PIC = NO;
				GCC_NO_COMMON_BLOCKS = YES;
				GCC_OPTIMIZATION_LEVEL = 0;
				GCC_PREPROCESSOR_DEFINITIONS = (
					"DEBUG=1",
					"$(inherited)",
				);
				GCC_WARN_64_TO_32_BIT_CONVERSION = YES;
				GCC_WARN_ABOUT_RETURN_TYPE = YES_ERROR;
				GCC_WARN_UNDECLARED_SELECTOR = YES;
				GCC_WARN_UNINITIALIZED_AUTOS = YES_AGGRESSIVE;
				GCC_WARN_UNUSED_FUNCTION = YES;
				GCC_WARN_UNUSED_VARIABLE = YES;
				IPHONEOS_DEPLOYMENT_TARGET = 12.0;
				MTL_ENABLE_DEBUG_INFO = INCLUDE_SOURCE;
				MTL_FAST_MATH = YES;
				ONLY_ACTIVE_ARCH = YES;
				SDKROOT = iphoneos;
				SWIFT_ACTIVE_COMPILATION_CONDITIONS = DEBUG;
				SWIFT_OPTIMIZATION_LEVEL = "-Onone";
			};
			name = Debug;
		};
		816762CA23C5C4E5006100CA /* Release */ = {
			isa = XCBuildConfiguration;
			buildSettings = {
				ALWAYS_SEARCH_USER_PATHS = NO;
				CLANG_ANALYZER_NONNULL = YES;
				CLANG_ANALYZER_NUMBER_OBJECT_CONVERSION = YES_AGGRESSIVE;
				CLANG_CXX_LANGUAGE_STANDARD = "gnu++14";
				CLANG_CXX_LIBRARY = "libc++";
				CLANG_ENABLE_MODULES = YES;
				CLANG_ENABLE_OBJC_ARC = YES;
				CLANG_ENABLE_OBJC_WEAK = YES;
				CLANG_WARN_BLOCK_CAPTURE_AUTORELEASING = YES;
				CLANG_WARN_BOOL_CONVERSION = YES;
				CLANG_WARN_COMMA = YES;
				CLANG_WARN_CONSTANT_CONVERSION = YES;
				CLANG_WARN_DEPRECATED_OBJC_IMPLEMENTATIONS = YES;
				CLANG_WARN_DIRECT_OBJC_ISA_USAGE = YES_ERROR;
				CLANG_WARN_DOCUMENTATION_COMMENTS = YES;
				CLANG_WARN_EMPTY_BODY = YES;
				CLANG_WARN_ENUM_CONVERSION = YES;
				CLANG_WARN_INFINITE_RECURSION = YES;
				CLANG_WARN_INT_CONVERSION = YES;
				CLANG_WARN_NON_LITERAL_NULL_CONVERSION = YES;
				CLANG_WARN_OBJC_IMPLICIT_RETAIN_SELF = YES;
				CLANG_WARN_OBJC_LITERAL_CONVERSION = YES;
				CLANG_WARN_OBJC_ROOT_CLASS = YES_ERROR;
				CLANG_WARN_RANGE_LOOP_ANALYSIS = YES;
				CLANG_WARN_STRICT_PROTOTYPES = YES;
				CLANG_WARN_SUSPICIOUS_MOVE = YES;
				CLANG_WARN_UNGUARDED_AVAILABILITY = YES_AGGRESSIVE;
				CLANG_WARN_UNREACHABLE_CODE = YES;
				CLANG_WARN__DUPLICATE_METHOD_MATCH = YES;
				CODE_SIGN_IDENTITY = "iPhone Developer";
				COPY_PHASE_STRIP = NO;
				DEBUG_INFORMATION_FORMAT = "dwarf-with-dsym";
				ENABLE_NS_ASSERTIONS = NO;
				ENABLE_STRICT_OBJC_MSGSEND = YES;
				GCC_C_LANGUAGE_STANDARD = gnu11;
				GCC_NO_COMMON_BLOCKS = YES;
				GCC_WARN_64_TO_32_BIT_CONVERSION = YES;
				GCC_WARN_ABOUT_RETURN_TYPE = YES_ERROR;
				GCC_WARN_UNDECLARED_SELECTOR = YES;
				GCC_WARN_UNINITIALIZED_AUTOS = YES_AGGRESSIVE;
				GCC_WARN_UNUSED_FUNCTION = YES;
				GCC_WARN_UNUSED_VARIABLE = YES;
				IPHONEOS_DEPLOYMENT_TARGET = 12.0;
				MTL_ENABLE_DEBUG_INFO = NO;
				MTL_FAST_MATH = YES;
				SDKROOT = iphoneos;
				SWIFT_COMPILATION_MODE = wholemodule;
				SWIFT_OPTIMIZATION_LEVEL = "-O";
				VALIDATE_PRODUCT = YES;
			};
			name = Release;
		};
		816762CC23C5C4E5006100CA /* Debug */ = {
			isa = XCBuildConfiguration;
			buildSettings = {
				ASSETCATALOG_COMPILER_APPICON_NAME = AppIcon;
				CLANG_ENABLE_MODULES = YES;
				CODE_SIGN_STYLE = Automatic;
				DEVELOPMENT_TEAM = 8J7Z9H5SSH;
				INFOPLIST_FILE = EceResto2020v2/Info.plist;
				LD_RUNPATH_SEARCH_PATHS = (
					"$(inherited)",
					"@executable_path/Frameworks",
				);
				PRODUCT_BUNDLE_IDENTIFIER = gc.EceResto2020v2;
				PRODUCT_NAME = "$(TARGET_NAME)";
				SWIFT_OBJC_BRIDGING_HEADER = "EceResto2020v2/EceResto2020v2-Bridging-Header.h";
				SWIFT_OPTIMIZATION_LEVEL = "-Onone";
				SWIFT_VERSION = 4.2;
				TARGETED_DEVICE_FAMILY = "1,2";
			};
			name = Debug;
		};
		816762CD23C5C4E5006100CA /* Release */ = {
			isa = XCBuildConfiguration;
			buildSettings = {
				ASSETCATALOG_COMPILER_APPICON_NAME = AppIcon;
				CLANG_ENABLE_MODULES = YES;
				CODE_SIGN_STYLE = Automatic;
				DEVELOPMENT_TEAM = 8J7Z9H5SSH;
				INFOPLIST_FILE = EceResto2020v2/Info.plist;
				LD_RUNPATH_SEARCH_PATHS = (
					"$(inherited)",
					"@executable_path/Frameworks",
				);
				PRODUCT_BUNDLE_IDENTIFIER = gc.EceResto2020v2;
				PRODUCT_NAME = "$(TARGET_NAME)";
				SWIFT_OBJC_BRIDGING_HEADER = "EceResto2020v2/EceResto2020v2-Bridging-Header.h";
				SWIFT_VERSION = 4.2;
				TARGETED_DEVICE_FAMILY = "1,2";
			};
			name = Release;
		};
/* End XCBuildConfiguration section */

/* Begin XCConfigurationList section */
		816762B223C5C4E3006100CA /* Build configuration list for PBXProject "EceResto2020v2" */ = {
			isa = XCConfigurationList;
			buildConfigurations = (
				816762C923C5C4E5006100CA /* Debug */,
				816762CA23C5C4E5006100CA /* Release */,
			);
			defaultConfigurationIsVisible = 0;
			defaultConfigurationName = Release;
		};
		816762CB23C5C4E5006100CA /* Build configuration list for PBXNativeTarget "EceResto2020v2" */ = {
			isa = XCConfigurationList;
			buildConfigurations = (
				816762CC23C5C4E5006100CA /* Debug */,
				816762CD23C5C4E5006100CA /* Release */,
			);
			defaultConfigurationIsVisible = 0;
			defaultConfigurationName = Release;
		};
/* End XCConfigurationList section */
	};
	rootObject = 816762AF23C5C4E3006100CA /* Project object */;
}
