// !$*UTF8*$!
{
	archiveVersion = 1;
	classes = {
	};
	objectVersion = 50;
	objects = {

/* Begin PBXBuildFile section */
		B47EDC9123C5C51700958C7E /* AppDelegate.swift in Sources */ = {isa = PBXBuildFile; fileRef = B47EDC9023C5C51700958C7E /* AppDelegate.swift */; };
		B47EDC9323C5C51700958C7E /* SceneDelegate.swift in Sources */ = {isa = PBXBuildFile; fileRef = B47EDC9223C5C51700958C7E /* SceneDelegate.swift */; };
		B47EDC9523C5C51700958C7E /* FirstViewController.swift in Sources */ = {isa = PBXBuildFile; fileRef = B47EDC9423C5C51700958C7E /* FirstViewController.swift */; };
		B47EDC9723C5C51700958C7E /* SecondViewController.swift in Sources */ = {isa = PBXBuildFile; fileRef = B47EDC9623C5C51700958C7E /* SecondViewController.swift */; };
		B47EDC9A23C5C51700958C7E /* Main.storyboard in Resources */ = {isa = PBXBuildFile; fileRef = B47EDC9823C5C51700958C7E /* Main.storyboard */; };
		B47EDC9C23C5C51C00958C7E /* Assets.xcassets in Resources */ = {isa = PBXBuildFile; fileRef = B47EDC9B23C5C51C00958C7E /* Assets.xcassets */; };
		B47EDC9F23C5C51C00958C7E /* LaunchScreen.storyboard in Resources */ = {isa = PBXBuildFile; fileRef = B47EDC9D23C5C51C00958C7E /* LaunchScreen.storyboard */; };
/* End PBXBuildFile section */

/* Begin PBXFileReference section */
		B47EDC8D23C5C51600958C7E /* Restauration.app */ = {isa = PBXFileReference; explicitFileType = wrapper.application; includeInIndex = 0; path = Restauration.app; sourceTree = BUILT_PRODUCTS_DIR; };
		B47EDC9023C5C51700958C7E /* AppDelegate.swift */ = {isa = PBXFileReference; lastKnownFileType = sourcecode.swift; path = AppDelegate.swift; sourceTree = "<group>"; };
		B47EDC9223C5C51700958C7E /* SceneDelegate.swift */ = {isa = PBXFileReference; lastKnownFileType = sourcecode.swift; path = SceneDelegate.swift; sourceTree = "<group>"; };
		B47EDC9423C5C51700958C7E /* FirstViewController.swift */ = {isa = PBXFileReference; lastKnownFileType = sourcecode.swift; path = FirstViewController.swift; sourceTree = "<group>"; };
		B47EDC9623C5C51700958C7E /* SecondViewController.swift */ = {isa = PBXFileReference; lastKnownFileType = sourcecode.swift; path = SecondViewController.swift; sourceTree = "<group>"; };
		B47EDC9923C5C51700958C7E /* Base */ = {isa = PBXFileReference; lastKnownFileType = file.storyboard; name = Base; path = Base.lproj/Main.storyboard; sourceTree = "<group>"; };
		B47EDC9B23C5C51C00958C7E /* Assets.xcassets */ = {isa = PBXFileReference; lastKnownFileType = folder.assetcatalog; path = Assets.xcassets; sourceTree = "<group>"; };
		B47EDC9E23C5C51C00958C7E /* Base */ = {isa = PBXFileReference; lastKnownFileType = file.storyboard; name = Base; path = Base.lproj/LaunchScreen.storyboard; sourceTree = "<group>"; };
		B47EDCA023C5C51C00958C7E /* Info.plist */ = {isa = PBXFileReference; lastKnownFileType = text.plist.xml; path = Info.plist; sourceTree = "<group>"; };
/* End PBXFileReference section */

/* Begin PBXFrameworksBuildPhase section */
		B47EDC8A23C5C51600958C7E /* Frameworks */ = {
			isa = PBXFrameworksBuildPhase;
			buildActionMask = 2147483647;
			files = (
			);
			runOnlyForDeploymentPostprocessing = 0;
		};
/* End PBXFrameworksBuildPhase section */

/* Begin PBXGroup section */
		B47EDC8423C5C51600958C7E = {
			isa = PBXGroup;
			children = (
				B47EDC8F23C5C51600958C7E /* Restauration */,
				B47EDC8E23C5C51600958C7E /* Products */,
			);
			sourceTree = "<group>";
		};
		B47EDC8E23C5C51600958C7E /* Products */ = {
			isa = PBXGroup;
			children = (
				B47EDC8D23C5C51600958C7E /* Restauration.app */,
			);
			name = Products;
			sourceTree = "<group>";
		};
		B47EDC8F23C5C51600958C7E /* Restauration */ = {
			isa = PBXGroup;
			children = (
				B47EDC9023C5C51700958C7E /* AppDelegate.swift */,
				B47EDC9223C5C51700958C7E /* SceneDelegate.swift */,
				B47EDC9423C5C51700958C7E /* FirstViewController.swift */,
				B47EDC9623C5C51700958C7E /* SecondViewController.swift */,
				B47EDC9823C5C51700958C7E /* Main.storyboard */,
				B47EDC9B23C5C51C00958C7E /* Assets.xcassets */,
				B47EDC9D23C5C51C00958C7E /* LaunchScreen.storyboard */,
				B47EDCA023C5C51C00958C7E /* Info.plist */,
			);
			path = Restauration;
			sourceTree = "<group>";
		};
/* End PBXGroup section */

/* Begin PBXNativeTarget section */
		B47EDC8C23C5C51600958C7E /* Restauration */ = {
			isa = PBXNativeTarget;
			buildConfigurationList = B47EDCA323C5C51C00958C7E /* Build configuration list for PBXNativeTarget "Restauration" */;
			buildPhases = (
				B47EDC8923C5C51600958C7E /* Sources */,
				B47EDC8A23C5C51600958C7E /* Frameworks */,
				B47EDC8B23C5C51600958C7E /* Resources */,
			);
			buildRules = (
			);
			dependencies = (
			);
			name = Restauration;
			productName = Restauration;
			productReference = B47EDC8D23C5C51600958C7E /* Restauration.app */;
			productType = "com.apple.product-type.application";
		};
/* End PBXNativeTarget section */

/* Begin PBXProject section */
		B47EDC8523C5C51600958C7E /* Project object */ = {
			isa = PBXProject;
			attributes = {
				LastSwiftUpdateCheck = 1120;
				LastUpgradeCheck = 1120;
				ORGANIZATIONNAME = Administrateur;
				TargetAttributes = {
					B47EDC8C23C5C51600958C7E = {
						CreatedOnToolsVersion = 11.2.1;
					};
				};
			};
			buildConfigurationList = B47EDC8823C5C51600958C7E /* Build configuration list for PBXProject "Restauration" */;
			compatibilityVersion = "Xcode 9.3";
			developmentRegion = en;
			hasScannedForEncodings = 0;
			knownRegions = (
				en,
				Base,
			);
			mainGroup = B47EDC8423C5C51600958C7E;
			productRefGroup = B47EDC8E23C5C51600958C7E /* Products */;
			projectDirPath = "";
			projectRoot = "";
			targets = (
				B47EDC8C23C5C51600958C7E /* Restauration */,
			);
		};
/* End PBXProject section */

/* Begin PBXResourcesBuildPhase section */
		B47EDC8B23C5C51600958C7E /* Resources */ = {
			isa = PBXResourcesBuildPhase;
			buildActionMask = 2147483647;
			files = (
				B47EDC9F23C5C51C00958C7E /* LaunchScreen.storyboard in Resources */,
				B47EDC9C23C5C51C00958C7E /* Assets.xcassets in Resources */,
				B47EDC9A23C5C51700958C7E /* Main.storyboard in Resources */,
			);
			runOnlyForDeploymentPostprocessing = 0;
		};
/* End PBXResourcesBuildPhase section */

/* Begin PBXSourcesBuildPhase section */
		B47EDC8923C5C51600958C7E /* Sources */ = {
			isa = PBXSourcesBuildPhase;
			buildActionMask = 2147483647;
			files = (
				B47EDC9723C5C51700958C7E /* SecondViewController.swift in Sources */,
				B47EDC9523C5C51700958C7E /* FirstViewController.swift in Sources */,
				B47EDC9123C5C51700958C7E /* AppDelegate.swift in Sources */,
				B47EDC9323C5C51700958C7E /* SceneDelegate.swift in Sources */,
			);
			runOnlyForDeploymentPostprocessing = 0;
		};
/* End PBXSourcesBuildPhase section */

/* Begin PBXVariantGroup section */
		B47EDC9823C5C51700958C7E /* Main.storyboard */ = {
			isa = PBXVariantGroup;
			children = (
				B47EDC9923C5C51700958C7E /* Base */,
			);
			name = Main.storyboard;
			sourceTree = "<group>";
		};
		B47EDC9D23C5C51C00958C7E /* LaunchScreen.storyboard */ = {
			isa = PBXVariantGroup;
			children = (
				B47EDC9E23C5C51C00958C7E /* Base */,
			);
			name = LaunchScreen.storyboard;
			sourceTree = "<group>";
		};
/* End PBXVariantGroup section */

/* Begin XCBuildConfiguration section */
		B47EDCA123C5C51C00958C7E /* Debug */ = {
			isa = XCBuildConfiguration;
			buildSettings = {
				ALWAYS_SEARCH_USER_PATHS = NO;
				CLANG_ANALYZER_NONNULL = YES;
				CLANG_ANALYZER_NUMBER_OBJECT_CONVERSION = YES_AGGRESSIVE;
				CLANG_CXX_LANGUAGE_STANDARD = "gnu++14";
				CLANG_CXX_LIBRARY = "libc++";
				CLANG_ENABLE_MODULES = YES;
				CLANG_ENABLE_OBJC_ARC = YES;
				CLANG_ENABLE_OBJC_WEAK = YES;
				CLANG_WARN_BLOCK_CAPTURE_AUTORELEASING = YES;
				CLANG_WARN_BOOL_CONVERSION = YES;
				CLANG_WARN_COMMA = YES;
				CLANG_WARN_CONSTANT_CONVERSION = YES;
				CLANG_WARN_DEPRECATED_OBJC_IMPLEMENTATIONS = YES;
				CLANG_WARN_DIRECT_OBJC_ISA_USAGE = YES_ERROR;
				CLANG_WARN_DOCUMENTATION_COMMENTS = YES;
				CLANG_WARN_EMPTY_BODY = YES;
				CLANG_WARN_ENUM_CONVERSION = YES;
				CLANG_WARN_INFINITE_RECURSION = YES;
				CLANG_WARN_INT_CONVERSION = YES;
				CLANG_WARN_NON_LITERAL_NULL_CONVERSION = YES;
				CLANG_WARN_OBJC_IMPLICIT_RETAIN_SELF = YES;
				CLANG_WARN_OBJC_LITERAL_CONVERSION = YES;
				CLANG_WARN_OBJC_ROOT_CLASS = YES_ERROR;
				CLANG_WARN_RANGE_LOOP_ANALYSIS = YES;
				CLANG_WARN_STRICT_PROTOTYPES = YES;
				CLANG_WARN_SUSPICIOUS_MOVE = YES;
				CLANG_WARN_UNGUARDED_AVAILABILITY = YES_AGGRESSIVE;
				CLANG_WARN_UNREACHABLE_CODE = YES;
				CLANG_WARN__DUPLICATE_METHOD_MATCH = YES;
				COPY_PHASE_STRIP = NO;
				DEBUG_INFORMATION_FORMAT = dwarf;
				ENABLE_STRICT_OBJC_MSGSEND = YES;
				ENABLE_TESTABILITY = YES;
				GCC_C_LANGUAGE_STANDARD = gnu11;
				GCC_DYNAMIC_NO_PIC = NO;
				GCC_NO_COMMON_BLOCKS = YES;
				GCC_OPTIMIZATION_LEVEL = 0;
				GCC_PREPROCESSOR_DEFINITIONS = (
					"DEBUG=1",
					"$(inherited)",
				);
				GCC_WARN_64_TO_32_BIT_CONVERSION = YES;
				GCC_WARN_ABOUT_RETURN_TYPE = YES_ERROR;
				GCC_WARN_UNDECLARED_SELECTOR = YES;
				GCC_WARN_UNINITIALIZED_AUTOS = YES_AGGRESSIVE;
				GCC_WARN_UNUSED_FUNCTION = YES;
				GCC_WARN_UNUSED_VARIABLE = YES;
				IPHONEOS_DEPLOYMENT_TARGET = 13.2;
				MTL_ENABLE_DEBUG_INFO = INCLUDE_SOURCE;
				MTL_FAST_MATH = YES;
				ONLY_ACTIVE_ARCH = YES;
				SDKROOT = iphoneos;
				SWIFT_ACTIVE_COMPILATION_CONDITIONS = DEBUG;
				SWIFT_OPTIMIZATION_LEVEL = "-Onone";
			};
			name = Debug;
		};
		B47EDCA223C5C51C00958C7E /* Release */ = {
			isa = XCBuildConfiguration;
			buildSettings = {
				ALWAYS_SEARCH_USER_PATHS = NO;
				CLANG_ANALYZER_NONNULL = YES;
				CLANG_ANALYZER_NUMBER_OBJECT_CONVERSION = YES_AGGRESSIVE;
				CLANG_CXX_LANGUAGE_STANDARD = "gnu++14";
				CLANG_CXX_LIBRARY = "libc++";
				CLANG_ENABLE_MODULES = YES;
				CLANG_ENABLE_OBJC_ARC = YES;
				CLANG_ENABLE_OBJC_WEAK = YES;
				CLANG_WARN_BLOCK_CAPTURE_AUTORELEASING = YES;
				CLANG_WARN_BOOL_CONVERSION = YES;
				CLANG_WARN_COMMA = YES;
				CLANG_WARN_CONSTANT_CONVERSION = YES;
				CLANG_WARN_DEPRECATED_OBJC_IMPLEMENTATIONS = YES;
				CLANG_WARN_DIRECT_OBJC_ISA_USAGE = YES_ERROR;
				CLANG_WARN_DOCUMENTATION_COMMENTS = YES;
				CLANG_WARN_EMPTY_BODY = YES;
				CLANG_WARN_ENUM_CONVERSION = YES;
				CLANG_WARN_INFINITE_RECURSION = YES;
				CLANG_WARN_INT_CONVERSION = YES;
				CLANG_WARN_NON_LITERAL_NULL_CONVERSION = YES;
				CLANG_WARN_OBJC_IMPLICIT_RETAIN_SELF = YES;
				CLANG_WARN_OBJC_LITERAL_CONVERSION = YES;
				CLANG_WARN_OBJC_ROOT_CLASS = YES_ERROR;
				CLANG_WARN_RANGE_LOOP_ANALYSIS = YES;
				CLANG_WARN_STRICT_PROTOTYPES = YES;
				CLANG_WARN_SUSPICIOUS_MOVE = YES;
				CLANG_WARN_UNGUARDED_AVAILABILITY = YES_AGGRESSIVE;
				CLANG_WARN_UNREACHABLE_CODE = YES;
				CLANG_WARN__DUPLICATE_METHOD_MATCH = YES;
				COPY_PHASE_STRIP = NO;
				DEBUG_INFORMATION_FORMAT = "dwarf-with-dsym";
				ENABLE_NS_ASSERTIONS = NO;
				ENABLE_STRICT_OBJC_MSGSEND = YES;
				GCC_C_LANGUAGE_STANDARD = gnu11;
				GCC_NO_COMMON_BLOCKS = YES;
				GCC_WARN_64_TO_32_BIT_CONVERSION = YES;
				GCC_WARN_ABOUT_RETURN_TYPE = YES_ERROR;
				GCC_WARN_UNDECLARED_SELECTOR = YES;
				GCC_WARN_UNINITIALIZED_AUTOS = YES_AGGRESSIVE;
				GCC_WARN_UNUSED_FUNCTION = YES;
				GCC_WARN_UNUSED_VARIABLE = YES;
				IPHONEOS_DEPLOYMENT_TARGET = 13.2;
				MTL_ENABLE_DEBUG_INFO = NO;
				MTL_FAST_MATH = YES;
				SDKROOT = iphoneos;
				SWIFT_COMPILATION_MODE = wholemodule;
				SWIFT_OPTIMIZATION_LEVEL = "-O";
				VALIDATE_PRODUCT = YES;
			};
			name = Release;
		};
		B47EDCA423C5C51C00958C7E /* Debug */ = {
			isa = XCBuildConfiguration;
			buildSettings = {
				ASSETCATALOG_COMPILER_APPICON_NAME = AppIcon;
				CODE_SIGN_STYLE = Automatic;
				INFOPLIST_FILE = Restauration/Info.plist;
				LD_RUNPATH_SEARCH_PATHS = (
					"$(inherited)",
					"@executable_path/Frameworks",
				);
				PRODUCT_BUNDLE_IDENTIFIER = ecetech.Restauration;
				PRODUCT_NAME = "$(TARGET_NAME)";
				SWIFT_VERSION = 5.0;
				TARGETED_DEVICE_FAMILY = "1,2";
			};
			name = Debug;
		};
		B47EDCA523C5C51C00958C7E /* Release */ = {
			isa = XCBuildConfiguration;
			buildSettings = {
				ASSETCATALOG_COMPILER_APPICON_NAME = AppIcon;
				CODE_SIGN_STYLE = Automatic;
				INFOPLIST_FILE = Restauration/Info.plist;
				LD_RUNPATH_SEARCH_PATHS = (
					"$(inherited)",
					"@executable_path/Frameworks",
				);
				PRODUCT_BUNDLE_IDENTIFIER = ecetech.Restauration;
				PRODUCT_NAME = "$(TARGET_NAME)";
				SWIFT_VERSION = 5.0;
				TARGETED_DEVICE_FAMILY = "1,2";
			};
			name = Release;
		};
/* End XCBuildConfiguration section */

/* Begin XCConfigurationList section */
		B47EDC8823C5C51600958C7E /* Build configuration list for PBXProject "Restauration" */ = {
			isa = XCConfigurationList;
			buildConfigurations = (
				B47EDCA123C5C51C00958C7E /* Debug */,
				B47EDCA223C5C51C00958C7E /* Release */,
			);
			defaultConfigurationIsVisible = 0;
			defaultConfigurationName = Release;
		};
		B47EDCA323C5C51C00958C7E /* Build configuration list for PBXNativeTarget "Restauration" */ = {
			isa = XCConfigurationList;
			buildConfigurations = (
				B47EDCA423C5C51C00958C7E /* Debug */,
				B47EDCA523C5C51C00958C7E /* Release */,
			);
			defaultConfigurationIsVisible = 0;
			defaultConfigurationName = Release;
		};
/* End XCConfigurationList section */
	};
	rootObject = B47EDC8523C5C51600958C7E /* Project object */;
}
